dependencies:
- name: sf-node
  repository: file://../services/sf-node
  version: 0.1.0
- name: sf-api
  repository: file://../services/sf-api
  version: 0.1.0
- name: sf-explorer
  repository: file://../services/sf-explorer
  version: 0.1.0
- name: sf-status
  repository: file://../services/sf-status
  version: 0.1.0
- name: sf-hasura
  repository: file://../services/sf-hasura
  version: 0.1.0
- name: sf-keycloak
  repository: file://../services/sf-keycloak
  version: 0.1.0
- name: sf-odoo
  repository: file://../services/sf-odoo
  version: 0.1.0
digest: sha256:ef1f41802d86b1410b7ecbac798b49f1e9cd1e5abaef2d2e0a117db5438f3ec8
generated: "2021-12-08T15:05:22.0985948-04:00"
