dependencies:
- name: sf-node
  repository: oci://sugarfunge.azurecr.io/helm
  version: 0.1.0
- name: sf-api
  repository: oci://sugarfunge.azurecr.io/helm
  version: 0.1.0
- name: sf-explorer
  repository: oci://sugarfunge.azurecr.io/helm
  version: 0.1.0
- name: sf-status
  repository: oci://sugarfunge.azurecr.io/helm
  version: 0.1.0
- name: sf-hasura
  repository: oci://sugarfunge.azurecr.io/helm
  version: 0.1.0
- name: sf-keycloak
  repository: oci://sugarfunge.azurecr.io/helm
  version: 0.1.0
- name: sf-odoo
  repository: oci://sugarfunge.azurecr.io/helm
  version: 0.1.0
digest: sha256:78ab37015d47359470acf0065af47b6b530eff38b89bbf2c85d180e50866111b
generated: "2022-01-07T16:15:50.196152783-04:00"
