dependencies:
- name: sf-node
  repository: oci://sugarfunge.azurecr.io/helm
  version: 0.1.0
- name: sf-api
  repository: oci://sugarfunge.azurecr.io/helm
  version: 0.1.0
- name: sf-explorer
  repository: oci://sugarfunge.azurecr.io/helm
  version: 0.1.0
- name: sf-status
  repository: oci://sugarfunge.azurecr.io/helm
  version: 0.1.0
- name: sf-hasura
  repository: oci://sugarfunge.azurecr.io/helm
  version: 0.1.0
digest: sha256:4fb51a3e59bcd2006f180e8ff625da9688d42182e1de1edeca00e9a482ee4220
generated: "2022-01-07T16:23:21.709292472-04:00"
